
Microsoft Visual Studio Solution File, Format Version 12.00
# Visual Studio Version 17
VisualStudioVersion = 17.0.31912.275
MinimumVisualStudioVersion = 10.0.40219.1
Project("{2150E333-8FDC-42A3-9474-1A3956D46DE8}") = "Demo", "Demo", "{EBBE8DFF-10F4-41C1-8456-9188F8038EC0}"
EndProject
Project("{2150E333-8FDC-42A3-9474-1A3956D46DE8}") = "Test", "Test", "{02F542E8-E2BD-4070-812E-646CA9219E52}"
EndProject
Project("{2150E333-8FDC-42A3-9474-1A3956D46DE8}") = "Src", "Src", "{12682F58-306A-4F67-8850-BF67BDA26D46}"
EndProject
Project("{2150E333-8FDC-42A3-9474-1A3956D46DE8}") = "Doc", "Doc", "{B289D6A2-35CA-48C7-A5AD-609989221D04}"
EndProject
Project("{7CF6DF6D-3B04-46F8-A40B-537D21BCA0B4}") = "MediaDevicesDoc", "Doc\MediaDevicesDoc\MediaDevicesDoc.shfbproj", "{15DBA1E6-2C21-40AC-BD19-67926C3442AC}"
EndProject
Project("{FAE04EC0-301F-11D3-BF4B-00C04F79EFBC}") = "MediaDevices", "Src\MediaDevices\MediaDevices.csproj", "{D139FC5B-B541-4759-81BC-206CD8793B03}"
EndProject
Project("{FAE04EC0-301F-11D3-BF4B-00C04F79EFBC}") = "MediaDevicesUnitTest", "Test\MediaDevicesUnitTest\MediaDevicesUnitTest.csproj", "{529555A8-5A35-129B-BBE2-47FF3D37D5C2}"
EndProject
Project("{FAE04EC0-301F-11D3-BF4B-00C04F79EFBC}") = "MediaDevicesApp", "Demo\MediaDevicesApp\MediaDevicesApp.csproj", "{665ECD52-5765-412F-9FF2-1AB1A92E7BC1}"
EndProject
Project("{FAE04EC0-301F-11D3-BF4B-00C04F79EFBC}") = "Explorer", "Demo\Explorer\Explorer.csproj", "{4E763B8A-BD6B-4CC7-99AC-AAAD7F4C580A}"
EndProject
Project("{2150E333-8FDC-42A3-9474-1A3956D46DE8}") = "Solution Items", "Solution Items", "{8EC462FD-D22E-90A8-E5CE-7E832BA40C5D}"
	ProjectSection(SolutionItems) = preProject
		bump-releasechannel.ps1 = bump-releasechannel.ps1
	EndProjectSection
EndProject
Global
	GlobalSection(SolutionConfigurationPlatforms) = preSolution
		Debug|Any CPU = Debug|Any CPU
		Debug|x64 = Debug|x64
		Debug|x86 = Debug|x86
		Release|Any CPU = Release|Any CPU
		Release|x64 = Release|x64
		Release|x86 = Release|x86
	EndGlobalSection
	GlobalSection(ProjectConfigurationPlatforms) = postSolution
		{15DBA1E6-2C21-40AC-BD19-67926C3442AC}.Debug|Any CPU.ActiveCfg = Debug|Any CPU
		{15DBA1E6-2C21-40AC-BD19-67926C3442AC}.Debug|Any CPU.Build.0 = Debug|Any CPU
		{15DBA1E6-2C21-40AC-BD19-67926C3442AC}.Debug|x64.ActiveCfg = Debug|Any CPU
		{15DBA1E6-2C21-40AC-BD19-67926C3442AC}.Debug|x64.Build.0 = Debug|Any CPU
		{15DBA1E6-2C21-40AC-BD19-67926C3442AC}.Debug|x86.ActiveCfg = Debug|Any CPU
		{15DBA1E6-2C21-40AC-BD19-67926C3442AC}.Debug|x86.Build.0 = Debug|Any CPU
		{15DBA1E6-2C21-40AC-BD19-67926C3442AC}.Release|Any CPU.ActiveCfg = Release|Any CPU
		{15DBA1E6-2C21-40AC-BD19-67926C3442AC}.Release|Any CPU.Build.0 = Release|Any CPU
		{15DBA1E6-2C21-40AC-BD19-67926C3442AC}.Release|x64.ActiveCfg = Release|Any CPU
		{15DBA1E6-2C21-40AC-BD19-67926C3442AC}.Release|x64.Build.0 = Release|Any CPU
		{15DBA1E6-2C21-40AC-BD19-67926C3442AC}.Release|x86.ActiveCfg = Release|Any CPU
		{15DBA1E6-2C21-40AC-BD19-67926C3442AC}.Release|x86.Build.0 = Release|Any CPU
		{D139FC5B-B541-4759-81BC-206CD8793B03}.Debug|Any CPU.ActiveCfg = Debug|Any CPU
		{D139FC5B-B541-4759-81BC-206CD8793B03}.Debug|Any CPU.Build.0 = Debug|Any CPU
		{D139FC5B-B541-4759-81BC-206CD8793B03}.Debug|x64.ActiveCfg = Debug|Any CPU
		{D139FC5B-B541-4759-81BC-206CD8793B03}.Debug|x64.Build.0 = Debug|Any CPU
		{D139FC5B-B541-4759-81BC-206CD8793B03}.Debug|x86.ActiveCfg = Debug|Any CPU
		{D139FC5B-B541-4759-81BC-206CD8793B03}.Debug|x86.Build.0 = Debug|Any CPU
		{D139FC5B-B541-4759-81BC-206CD8793B03}.Release|Any CPU.ActiveCfg = Release|Any CPU
		{D139FC5B-B541-4759-81BC-206CD8793B03}.Release|Any CPU.Build.0 = Release|Any CPU
		{D139FC5B-B541-4759-81BC-206CD8793B03}.Release|x64.ActiveCfg = Release|Any CPU
		{D139FC5B-B541-4759-81BC-206CD8793B03}.Release|x64.Build.0 = Release|Any CPU
		{D139FC5B-B541-4759-81BC-206CD8793B03}.Release|x86.ActiveCfg = Release|Any CPU
		{D139FC5B-B541-4759-81BC-206CD8793B03}.Release|x86.Build.0 = Release|Any CPU
		{529555A8-5A35-129B-BBE2-47FF3D37D5C2}.Debug|Any CPU.ActiveCfg = Debug|Any CPU
		{529555A8-5A35-129B-BBE2-47FF3D37D5C2}.Debug|Any CPU.Build.0 = Debug|Any CPU
		{529555A8-5A35-129B-BBE2-47FF3D37D5C2}.Debug|x64.ActiveCfg = Debug|Any CPU
		{529555A8-5A35-129B-BBE2-47FF3D37D5C2}.Debug|x64.Build.0 = Debug|Any CPU
		{529555A8-5A35-129B-BBE2-47FF3D37D5C2}.Debug|x86.ActiveCfg = Debug|Any CPU
		{529555A8-5A35-129B-BBE2-47FF3D37D5C2}.Debug|x86.Build.0 = Debug|Any CPU
		{529555A8-5A35-129B-BBE2-47FF3D37D5C2}.Release|Any CPU.ActiveCfg = Release|Any CPU
		{529555A8-5A35-129B-BBE2-47FF3D37D5C2}.Release|Any CPU.Build.0 = Release|Any CPU
		{529555A8-5A35-129B-BBE2-47FF3D37D5C2}.Release|x64.ActiveCfg = Release|Any CPU
		{529555A8-5A35-129B-BBE2-47FF3D37D5C2}.Release|x64.Build.0 = Release|Any CPU
		{529555A8-5A35-129B-BBE2-47FF3D37D5C2}.Release|x86.ActiveCfg = Release|Any CPU
		{529555A8-5A35-129B-BBE2-47FF3D37D5C2}.Release|x86.Build.0 = Release|Any CPU
		{665ECD52-5765-412F-9FF2-1AB1A92E7BC1}.Debug|Any CPU.ActiveCfg = Debug|Any CPU
		{665ECD52-5765-412F-9FF2-1AB1A92E7BC1}.Debug|Any CPU.Build.0 = Debug|Any CPU
		{665ECD52-5765-412F-9FF2-1AB1A92E7BC1}.Debug|x64.ActiveCfg = Debug|Any CPU
		{665ECD52-5765-412F-9FF2-1AB1A92E7BC1}.Debug|x64.Build.0 = Debug|Any CPU
		{665ECD52-5765-412F-9FF2-1AB1A92E7BC1}.Debug|x86.ActiveCfg = Debug|Any CPU
		{665ECD52-5765-412F-9FF2-1AB1A92E7BC1}.Debug|x86.Build.0 = Debug|Any CPU
		{665ECD52-5765-412F-9FF2-1AB1A92E7BC1}.Release|Any CPU.ActiveCfg = Release|Any CPU
		{665ECD52-5765-412F-9FF2-1AB1A92E7BC1}.Release|Any CPU.Build.0 = Release|Any CPU
		{665ECD52-5765-412F-9FF2-1AB1A92E7BC1}.Release|x64.ActiveCfg = Release|Any CPU
		{665ECD52-5765-412F-9FF2-1AB1A92E7BC1}.Release|x64.Build.0 = Release|Any CPU
		{665ECD52-5765-412F-9FF2-1AB1A92E7BC1}.Release|x86.ActiveCfg = Release|Any CPU
		{665ECD52-5765-412F-9FF2-1AB1A92E7BC1}.Release|x86.Build.0 = Release|Any CPU
		{4E763B8A-BD6B-4CC7-99AC-AAAD7F4C580A}.Debug|Any CPU.ActiveCfg = Debug|Any CPU
		{4E763B8A-BD6B-4CC7-99AC-AAAD7F4C580A}.Debug|Any CPU.Build.0 = Debug|Any CPU
		{4E763B8A-BD6B-4CC7-99AC-AAAD7F4C580A}.Debug|x64.ActiveCfg = Debug|Any CPU
		{4E763B8A-BD6B-4CC7-99AC-AAAD7F4C580A}.Debug|x64.Build.0 = Debug|Any CPU
		{4E763B8A-BD6B-4CC7-99AC-AAAD7F4C580A}.Debug|x86.ActiveCfg = Debug|Any CPU
		{4E763B8A-BD6B-4CC7-99AC-AAAD7F4C580A}.Debug|x86.Build.0 = Debug|Any CPU
		{4E763B8A-BD6B-4CC7-99AC-AAAD7F4C580A}.Release|Any CPU.ActiveCfg = Release|Any CPU
		{4E763B8A-BD6B-4CC7-99AC-AAAD7F4C580A}.Release|Any CPU.Build.0 = Release|Any CPU
		{4E763B8A-BD6B-4CC7-99AC-AAAD7F4C580A}.Release|x64.ActiveCfg = Release|Any CPU
		{4E763B8A-BD6B-4CC7-99AC-AAAD7F4C580A}.Release|x64.Build.0 = Release|Any CPU
		{4E763B8A-BD6B-4CC7-99AC-AAAD7F4C580A}.Release|x86.ActiveCfg = Release|Any CPU
		{4E763B8A-BD6B-4CC7-99AC-AAAD7F4C580A}.Release|x86.Build.0 = Release|Any CPU
	EndGlobalSection
	GlobalSection(SolutionProperties) = preSolution
		HideSolutionNode = FALSE
	EndGlobalSection
	GlobalSection(NestedProjects) = preSolution
		{15DBA1E6-2C21-40AC-BD19-67926C3442AC} = {B289D6A2-35CA-48C7-A5AD-609989221D04}
		{D139FC5B-B541-4759-81BC-206CD8793B03} = {12682F58-306A-4F67-8850-BF67BDA26D46}
		{529555A8-5A35-129B-BBE2-47FF3D37D5C2} = {02F542E8-E2BD-4070-812E-646CA9219E52}
		{665ECD52-5765-412F-9FF2-1AB1A92E7BC1} = {EBBE8DFF-10F4-41C1-8456-9188F8038EC0}
		{4E763B8A-BD6B-4CC7-99AC-AAAD7F4C580A} = {EBBE8DFF-10F4-41C1-8456-9188F8038EC0}
	EndGlobalSection
	GlobalSection(ExtensibilityGlobals) = postSolution
		SolutionGuid = {4FF47020-DA8D-4683-8E5E-813E06A746AD}
	EndGlobalSection
EndGlobal
